github.com/vedranvuk/binaryex v0.1.0 h1:Qims5YAl3Qi095dWY+XXlmQY98ryC4BgVIrXgT6tuSI=
github.com/vedranvuk/binaryex v0.1.0/go.mod h1:yw+csod71Rwb02sOUAr+qsSCpfuFbXLX7uSy/nTIPSE=
github.com/vedranvuk/randomex v0.1.0 h1:6o6Ju53mqo3EHm5qYjiBcdkkE2qv+XduHVgoSi6lrAM=
github.com/vedranvuk/randomex v0.1.0/go.mod h1:15nZ7mW2m5hS0f0AMIMjDZdqutoQc4yX3S7xeeyU9Rc=
